// !$*UTF8*$!
{
	archiveVersion = 1;
	classes = {
	};
	objectVersion = 50;
	objects = {

/* Begin PBXBuildFile section */
		47C7D923D53A11366BE1E103 /* Pods_TopReposTests.framework in Frameworks */ = {isa = PBXBuildFile; fileRef = E2E34AEC3A443B09981CC78D /* Pods_TopReposTests.framework */; };
		8C22ECC8240594B500B97D51 /* AppDelegate.swift in Sources */ = {isa = PBXBuildFile; fileRef = 8C22ECC7240594B500B97D51 /* AppDelegate.swift */; };
		8C22ECCF240594B700B97D51 /* Assets.xcassets in Resources */ = {isa = PBXBuildFile; fileRef = 8C22ECCE240594B700B97D51 /* Assets.xcassets */; };
		8C22ECD2240594B700B97D51 /* LaunchScreen.storyboard in Resources */ = {isa = PBXBuildFile; fileRef = 8C22ECD0240594B700B97D51 /* LaunchScreen.storyboard */; };
		8C22ECDD240594B700B97D51 /* TopReposTests.swift in Sources */ = {isa = PBXBuildFile; fileRef = 8C22ECDC240594B700B97D51 /* TopReposTests.swift */; };
		8C22ECE92405953A00B97D51 /* TopReposRouter.swift in Sources */ = {isa = PBXBuildFile; fileRef = 8C22ECE82405953A00B97D51 /* TopReposRouter.swift */; };
		8C22ECEE240595A300B97D51 /* ReposListTableViewController.swift in Sources */ = {isa = PBXBuildFile; fileRef = 8C22ECEC240595A300B97D51 /* ReposListTableViewController.swift */; };
		8C22ECEF240595A300B97D51 /* ReposListTableViewController.xib in Resources */ = {isa = PBXBuildFile; fileRef = 8C22ECED240595A300B97D51 /* ReposListTableViewController.xib */; };
		8C22ECF1240595FC00B97D51 /* ReposListInteractor.swift in Sources */ = {isa = PBXBuildFile; fileRef = 8C22ECF0240595FC00B97D51 /* ReposListInteractor.swift */; };
		8C22ECF32405966D00B97D51 /* ReposListPresenter.swift in Sources */ = {isa = PBXBuildFile; fileRef = 8C22ECF22405966D00B97D51 /* ReposListPresenter.swift */; };
		8C22ECF52405968D00B97D51 /* ReposListModel.swift in Sources */ = {isa = PBXBuildFile; fileRef = 8C22ECF42405968D00B97D51 /* ReposListModel.swift */; };
		8C22ECF8240596C700B97D51 /* ReposListTableViewCell.swift in Sources */ = {isa = PBXBuildFile; fileRef = 8C22ECF6240596C700B97D51 /* ReposListTableViewCell.swift */; };
		8C22ECF9240596C700B97D51 /* ReposListTableViewCell.xib in Resources */ = {isa = PBXBuildFile; fileRef = 8C22ECF7240596C700B97D51 /* ReposListTableViewCell.xib */; };
		8C22ECFC2405988C00B97D51 /* Repo.swift in Sources */ = {isa = PBXBuildFile; fileRef = 8C22ECFB2405988C00B97D51 /* Repo.swift */; };
		8C22ECFE2405989600B97D51 /* User.swift in Sources */ = {isa = PBXBuildFile; fileRef = 8C22ECFD2405989600B97D51 /* User.swift */; };
		8C22ED012405990600B97D51 /* Date.swift in Sources */ = {isa = PBXBuildFile; fileRef = 8C22ED002405990600B97D51 /* Date.swift */; };
		8C22ED06240599CA00B97D51 /* RepoDetailsViewController.swift in Sources */ = {isa = PBXBuildFile; fileRef = 8C22ED04240599CA00B97D51 /* RepoDetailsViewController.swift */; };
		8C22ED07240599CA00B97D51 /* RepoDetailsViewController.xib in Resources */ = {isa = PBXBuildFile; fileRef = 8C22ED05240599CA00B97D51 /* RepoDetailsViewController.xib */; };
		8C22ED0924059B1600B97D51 /* RepoDetailsInteractor.swift in Sources */ = {isa = PBXBuildFile; fileRef = 8C22ED0824059B1600B97D51 /* RepoDetailsInteractor.swift */; };
		8C22ED0B24059B2300B97D51 /* RepoDetailsPresenter.swift in Sources */ = {isa = PBXBuildFile; fileRef = 8C22ED0A24059B2300B97D51 /* RepoDetailsPresenter.swift */; };
		8C22ED0D24059B4A00B97D51 /* RepoDetailsModel.swift in Sources */ = {isa = PBXBuildFile; fileRef = 8C22ED0C24059B4A00B97D51 /* RepoDetailsModel.swift */; };
		8C22ED1024059B7100B97D51 /* RepoDetailsTableViewCell.swift in Sources */ = {isa = PBXBuildFile; fileRef = 8C22ED0E24059B7100B97D51 /* RepoDetailsTableViewCell.swift */; };
		8C22ED1124059B7100B97D51 /* RepoDetailsTableViewCell.xib in Resources */ = {isa = PBXBuildFile; fileRef = 8C22ED0F24059B7100B97D51 /* RepoDetailsTableViewCell.xib */; };
		8C22ED1924059E9B00B97D51 /* BaseRequest.swift in Sources */ = {isa = PBXBuildFile; fileRef = 8C22ED1824059E9B00B97D51 /* BaseRequest.swift */; };
		8C22ED1E2405A09000B97D51 /* GithubService.swift in Sources */ = {isa = PBXBuildFile; fileRef = 8C22ED1D2405A09000B97D51 /* GithubService.swift */; };
		8C22ED202405A4F800B97D51 /* Pull.swift in Sources */ = {isa = PBXBuildFile; fileRef = 8C22ED1F2405A4F800B97D51 /* Pull.swift */; };
		8C22ED222405A54300B97D51 /* ReposByLanguageResponse.swift in Sources */ = {isa = PBXBuildFile; fileRef = 8C22ED212405A54300B97D51 /* ReposByLanguageResponse.swift */; };
		8C22ED242405D1B400B97D51 /* Logger.swift in Sources */ = {isa = PBXBuildFile; fileRef = 8C22ED232405D1B400B97D51 /* Logger.swift */; };
		8C22ED282405FA6700B97D51 /* ErrorViewController.swift in Sources */ = {isa = PBXBuildFile; fileRef = 8C22ED262405FA6700B97D51 /* ErrorViewController.swift */; };
		8C22ED292405FA6700B97D51 /* ErrorViewController.xib in Resources */ = {isa = PBXBuildFile; fileRef = 8C22ED272405FA6700B97D51 /* ErrorViewController.xib */; };
		8C22ED2C2405FD6D00B97D51 /* errorAnimation.json in Resources */ = {isa = PBXBuildFile; fileRef = 8C22ED2B2405FD6D00B97D51 /* errorAnimation.json */; };
		8E6A5170065BFE4E4E468546 /* Pods_TopRepos.framework in Frameworks */ = {isa = PBXBuildFile; fileRef = 526DF6164DCE8903BAE01F30 /* Pods_TopRepos.framework */; };
/* End PBXBuildFile section */

/* Begin PBXContainerItemProxy section */
		8C22ECD9240594B700B97D51 /* PBXContainerItemProxy */ = {
			isa = PBXContainerItemProxy;
			containerPortal = 8C22ECBC240594B500B97D51 /* Project object */;
			proxyType = 1;
			remoteGlobalIDString = 8C22ECC3240594B500B97D51;
			remoteInfo = TopRepos;
		};
/* End PBXContainerItemProxy section */

/* Begin PBXFileReference section */
		0F05AA8C000BD8973F830BC8 /* Pods-TopReposTests.release.xcconfig */ = {isa = PBXFileReference; includeInIndex = 1; lastKnownFileType = text.xcconfig; name = "Pods-TopReposTests.release.xcconfig"; path = "Pods/Target Support Files/Pods-TopReposTests/Pods-TopReposTests.release.xcconfig"; sourceTree = "<group>"; };
		1B3D2BD649EFE2BB2968811D /* Pods-TopRepos.release.xcconfig */ = {isa = PBXFileReference; includeInIndex = 1; lastKnownFileType = text.xcconfig; name = "Pods-TopRepos.release.xcconfig"; path = "Pods/Target Support Files/Pods-TopRepos/Pods-TopRepos.release.xcconfig"; sourceTree = "<group>"; };
		49D381D17F2AF86A1FB60CF1 /* Pods-TopRepos.debug.xcconfig */ = {isa = PBXFileReference; includeInIndex = 1; lastKnownFileType = text.xcconfig; name = "Pods-TopRepos.debug.xcconfig"; path = "Pods/Target Support Files/Pods-TopRepos/Pods-TopRepos.debug.xcconfig"; sourceTree = "<group>"; };
		526DF6164DCE8903BAE01F30 /* Pods_TopRepos.framework */ = {isa = PBXFileReference; explicitFileType = wrapper.framework; includeInIndex = 0; path = Pods_TopRepos.framework; sourceTree = BUILT_PRODUCTS_DIR; };
		8C22ECC4240594B500B97D51 /* TopRepos.app */ = {isa = PBXFileReference; explicitFileType = wrapper.application; includeInIndex = 0; path = TopRepos.app; sourceTree = BUILT_PRODUCTS_DIR; };
		8C22ECC7240594B500B97D51 /* AppDelegate.swift */ = {isa = PBXFileReference; lastKnownFileType = sourcecode.swift; path = AppDelegate.swift; sourceTree = "<group>"; };
		8C22ECCE240594B700B97D51 /* Assets.xcassets */ = {isa = PBXFileReference; lastKnownFileType = folder.assetcatalog; path = Assets.xcassets; sourceTree = "<group>"; };
		8C22ECD1240594B700B97D51 /* Base */ = {isa = PBXFileReference; lastKnownFileType = file.storyboard; name = Base; path = Base.lproj/LaunchScreen.storyboard; sourceTree = "<group>"; };
		8C22ECD3240594B700B97D51 /* Info.plist */ = {isa = PBXFileReference; lastKnownFileType = text.plist.xml; path = Info.plist; sourceTree = "<group>"; };
		8C22ECD8240594B700B97D51 /* TopReposTests.xctest */ = {isa = PBXFileReference; explicitFileType = wrapper.cfbundle; includeInIndex = 0; path = TopReposTests.xctest; sourceTree = BUILT_PRODUCTS_DIR; };
		8C22ECDC240594B700B97D51 /* TopReposTests.swift */ = {isa = PBXFileReference; lastKnownFileType = sourcecode.swift; path = TopReposTests.swift; sourceTree = "<group>"; };
		8C22ECDE240594B700B97D51 /* Info.plist */ = {isa = PBXFileReference; lastKnownFileType = text.plist.xml; path = Info.plist; sourceTree = "<group>"; };
		8C22ECE82405953A00B97D51 /* TopReposRouter.swift */ = {isa = PBXFileReference; lastKnownFileType = sourcecode.swift; path = TopReposRouter.swift; sourceTree = "<group>"; };
		8C22ECEC240595A300B97D51 /* ReposListTableViewController.swift */ = {isa = PBXFileReference; lastKnownFileType = sourcecode.swift; path = ReposListTableViewController.swift; sourceTree = "<group>"; };
		8C22ECED240595A300B97D51 /* ReposListTableViewController.xib */ = {isa = PBXFileReference; lastKnownFileType = file.xib; path = ReposListTableViewController.xib; sourceTree = "<group>"; };
		8C22ECF0240595FC00B97D51 /* ReposListInteractor.swift */ = {isa = PBXFileReference; lastKnownFileType = sourcecode.swift; path = ReposListInteractor.swift; sourceTree = "<group>"; };
		8C22ECF22405966D00B97D51 /* ReposListPresenter.swift */ = {isa = PBXFileReference; lastKnownFileType = sourcecode.swift; path = ReposListPresenter.swift; sourceTree = "<group>"; };
		8C22ECF42405968D00B97D51 /* ReposListModel.swift */ = {isa = PBXFileReference; lastKnownFileType = sourcecode.swift; path = ReposListModel.swift; sourceTree = "<group>"; };
		8C22ECF6240596C700B97D51 /* ReposListTableViewCell.swift */ = {isa = PBXFileReference; lastKnownFileType = sourcecode.swift; path = ReposListTableViewCell.swift; sourceTree = "<group>"; };
		8C22ECF7240596C700B97D51 /* ReposListTableViewCell.xib */ = {isa = PBXFileReference; lastKnownFileType = file.xib; path = ReposListTableViewCell.xib; sourceTree = "<group>"; };
		8C22ECFB2405988C00B97D51 /* Repo.swift */ = {isa = PBXFileReference; lastKnownFileType = sourcecode.swift; path = Repo.swift; sourceTree = "<group>"; };
		8C22ECFD2405989600B97D51 /* User.swift */ = {isa = PBXFileReference; lastKnownFileType = sourcecode.swift; path = User.swift; sourceTree = "<group>"; };
		8C22ED002405990600B97D51 /* Date.swift */ = {isa = PBXFileReference; lastKnownFileType = sourcecode.swift; path = Date.swift; sourceTree = "<group>"; };
		8C22ED04240599CA00B97D51 /* RepoDetailsViewController.swift */ = {isa = PBXFileReference; lastKnownFileType = sourcecode.swift; path = RepoDetailsViewController.swift; sourceTree = "<group>"; };
		8C22ED05240599CA00B97D51 /* RepoDetailsViewController.xib */ = {isa = PBXFileReference; lastKnownFileType = file.xib; path = RepoDetailsViewController.xib; sourceTree = "<group>"; };
		8C22ED0824059B1600B97D51 /* RepoDetailsInteractor.swift */ = {isa = PBXFileReference; lastKnownFileType = sourcecode.swift; path = RepoDetailsInteractor.swift; sourceTree = "<group>"; };
		8C22ED0A24059B2300B97D51 /* RepoDetailsPresenter.swift */ = {isa = PBXFileReference; lastKnownFileType = sourcecode.swift; path = RepoDetailsPresenter.swift; sourceTree = "<group>"; };
		8C22ED0C24059B4A00B97D51 /* RepoDetailsModel.swift */ = {isa = PBXFileReference; lastKnownFileType = sourcecode.swift; path = RepoDetailsModel.swift; sourceTree = "<group>"; };
		8C22ED0E24059B7100B97D51 /* RepoDetailsTableViewCell.swift */ = {isa = PBXFileReference; lastKnownFileType = sourcecode.swift; path = RepoDetailsTableViewCell.swift; sourceTree = "<group>"; };
		8C22ED0F24059B7100B97D51 /* RepoDetailsTableViewCell.xib */ = {isa = PBXFileReference; lastKnownFileType = file.xib; path = RepoDetailsTableViewCell.xib; sourceTree = "<group>"; };
		8C22ED1824059E9B00B97D51 /* BaseRequest.swift */ = {isa = PBXFileReference; lastKnownFileType = sourcecode.swift; path = BaseRequest.swift; sourceTree = "<group>"; };
		8C22ED1D2405A09000B97D51 /* GithubService.swift */ = {isa = PBXFileReference; lastKnownFileType = sourcecode.swift; path = GithubService.swift; sourceTree = "<group>"; };
		8C22ED1F2405A4F800B97D51 /* Pull.swift */ = {isa = PBXFileReference; lastKnownFileType = sourcecode.swift; path = Pull.swift; sourceTree = "<group>"; };
		8C22ED212405A54300B97D51 /* ReposByLanguageResponse.swift */ = {isa = PBXFileReference; lastKnownFileType = sourcecode.swift; path = ReposByLanguageResponse.swift; sourceTree = "<group>"; };
		8C22ED232405D1B400B97D51 /* Logger.swift */ = {isa = PBXFileReference; lastKnownFileType = sourcecode.swift; path = Logger.swift; sourceTree = "<group>"; };
		8C22ED262405FA6700B97D51 /* ErrorViewController.swift */ = {isa = PBXFileReference; lastKnownFileType = sourcecode.swift; path = ErrorViewController.swift; sourceTree = "<group>"; };
		8C22ED272405FA6700B97D51 /* ErrorViewController.xib */ = {isa = PBXFileReference; lastKnownFileType = file.xib; path = ErrorViewController.xib; sourceTree = "<group>"; };
		8C22ED2B2405FD6D00B97D51 /* errorAnimation.json */ = {isa = PBXFileReference; fileEncoding = 4; lastKnownFileType = text.json; path = errorAnimation.json; sourceTree = "<group>"; };
		B0FBCBC336222DC56CFED1F7 /* Pods-TopReposTests.debug.xcconfig */ = {isa = PBXFileReference; includeInIndex = 1; lastKnownFileType = text.xcconfig; name = "Pods-TopReposTests.debug.xcconfig"; path = "Pods/Target Support Files/Pods-TopReposTests/Pods-TopReposTests.debug.xcconfig"; sourceTree = "<group>"; };
		E2E34AEC3A443B09981CC78D /* Pods_TopReposTests.framework */ = {isa = PBXFileReference; explicitFileType = wrapper.framework; includeInIndex = 0; path = Pods_TopReposTests.framework; sourceTree = BUILT_PRODUCTS_DIR; };
/* End PBXFileReference section */

/* Begin PBXFrameworksBuildPhase section */
		8C22ECC1240594B500B97D51 /* Frameworks */ = {
			isa = PBXFrameworksBuildPhase;
			buildActionMask = 2147483647;
			files = (
				8E6A5170065BFE4E4E468546 /* Pods_TopRepos.framework in Frameworks */,
			);
			runOnlyForDeploymentPostprocessing = 0;
		};
		8C22ECD5240594B700B97D51 /* Frameworks */ = {
			isa = PBXFrameworksBuildPhase;
			buildActionMask = 2147483647;
			files = (
				47C7D923D53A11366BE1E103 /* Pods_TopReposTests.framework in Frameworks */,
			);
			runOnlyForDeploymentPostprocessing = 0;
		};
/* End PBXFrameworksBuildPhase section */

/* Begin PBXGroup section */
		5D9628E1A8C34D6121913DC7 /* Frameworks */ = {
			isa = PBXGroup;
			children = (
				526DF6164DCE8903BAE01F30 /* Pods_TopRepos.framework */,
				E2E34AEC3A443B09981CC78D /* Pods_TopReposTests.framework */,
			);
			name = Frameworks;
			sourceTree = "<group>";
		};
		638215CAD6A9A2BF832DD6D5 /* Pods */ = {
			isa = PBXGroup;
			children = (
				49D381D17F2AF86A1FB60CF1 /* Pods-TopRepos.debug.xcconfig */,
				1B3D2BD649EFE2BB2968811D /* Pods-TopRepos.release.xcconfig */,
				B0FBCBC336222DC56CFED1F7 /* Pods-TopReposTests.debug.xcconfig */,
				0F05AA8C000BD8973F830BC8 /* Pods-TopReposTests.release.xcconfig */,
			);
			name = Pods;
			sourceTree = "<group>";
		};
		8C22ECBB240594B500B97D51 = {
			isa = PBXGroup;
			children = (
				8C22ECC6240594B500B97D51 /* TopRepos */,
				8C22ECDB240594B700B97D51 /* TopReposTests */,
				8C22ECC5240594B500B97D51 /* Products */,
				638215CAD6A9A2BF832DD6D5 /* Pods */,
				5D9628E1A8C34D6121913DC7 /* Frameworks */,
			);
			sourceTree = "<group>";
		};
		8C22ECC5240594B500B97D51 /* Products */ = {
			isa = PBXGroup;
			children = (
				8C22ECC4240594B500B97D51 /* TopRepos.app */,
				8C22ECD8240594B700B97D51 /* TopReposTests.xctest */,
			);
			name = Products;
			sourceTree = "<group>";
		};
		8C22ECC6240594B500B97D51 /* TopRepos */ = {
			isa = PBXGroup;
			children = (
				8C22ED2A2405FD0700B97D51 /* Resources */,
				8C22ED022405991C00B97D51 /* Repository */,
				8C22ECFF240598F800B97D51 /* Commons */,
				8C22ECFA2405987F00B97D51 /* Model */,
				8C22ECEA2405956800B97D51 /* Scenes */,
				8C22ECE72405951500B97D51 /* Router */,
				8C22ECC7240594B500B97D51 /* AppDelegate.swift */,
				8C22ECCE240594B700B97D51 /* Assets.xcassets */,
				8C22ECD0240594B700B97D51 /* LaunchScreen.storyboard */,
				8C22ECD3240594B700B97D51 /* Info.plist */,
			);
			path = TopRepos;
			sourceTree = "<group>";
		};
		8C22ECDB240594B700B97D51 /* TopReposTests */ = {
			isa = PBXGroup;
			children = (
				8C22ECDC240594B700B97D51 /* TopReposTests.swift */,
				8C22ECDE240594B700B97D51 /* Info.plist */,
			);
			path = TopReposTests;
			sourceTree = "<group>";
		};
		8C22ECE72405951500B97D51 /* Router */ = {
			isa = PBXGroup;
			children = (
				8C22ECE82405953A00B97D51 /* TopReposRouter.swift */,
			);
			path = Router;
			sourceTree = "<group>";
		};
		8C22ECEA2405956800B97D51 /* Scenes */ = {
			isa = PBXGroup;
			children = (
				8C22ED252405FA2000B97D51 /* ErrorView */,
				8C22ED032405993100B97D51 /* RepoDetails */,
				8C22ECEB2405957000B97D51 /* ReposList */,
			);
			path = Scenes;
			sourceTree = "<group>";
		};
		8C22ECEB2405957000B97D51 /* ReposList */ = {
			isa = PBXGroup;
			children = (
				8C22ECEC240595A300B97D51 /* ReposListTableViewController.swift */,
				8C22ECED240595A300B97D51 /* ReposListTableViewController.xib */,
				8C22ECF0240595FC00B97D51 /* ReposListInteractor.swift */,
				8C22ECF22405966D00B97D51 /* ReposListPresenter.swift */,
				8C22ECF42405968D00B97D51 /* ReposListModel.swift */,
				8C22ECF6240596C700B97D51 /* ReposListTableViewCell.swift */,
				8C22ECF7240596C700B97D51 /* ReposListTableViewCell.xib */,
			);
			path = ReposList;
			sourceTree = "<group>";
		};
		8C22ECFA2405987F00B97D51 /* Model */ = {
			isa = PBXGroup;
			children = (
				8C22ECFB2405988C00B97D51 /* Repo.swift */,
				8C22ECFD2405989600B97D51 /* User.swift */,
				8C22ED1F2405A4F800B97D51 /* Pull.swift */,
			);
			path = Model;
			sourceTree = "<group>";
		};
		8C22ECFF240598F800B97D51 /* Commons */ = {
			isa = PBXGroup;
			children = (
				8C22ED002405990600B97D51 /* Date.swift */,
			);
			path = Commons;
			sourceTree = "<group>";
		};
		8C22ED022405991C00B97D51 /* Repository */ = {
			isa = PBXGroup;
			children = (
				8C22ED1824059E9B00B97D51 /* BaseRequest.swift */,
				8C22ED1C24059FCA00B97D51 /* Services */,
				8C22ED232405D1B400B97D51 /* Logger.swift */,
			);
			path = Repository;
			sourceTree = "<group>";
		};
		8C22ED032405993100B97D51 /* RepoDetails */ = {
			isa = PBXGroup;
			children = (
				8C22ED04240599CA00B97D51 /* RepoDetailsViewController.swift */,
				8C22ED05240599CA00B97D51 /* RepoDetailsViewController.xib */,
				8C22ED0824059B1600B97D51 /* RepoDetailsInteractor.swift */,
				8C22ED0A24059B2300B97D51 /* RepoDetailsPresenter.swift */,
				8C22ED0C24059B4A00B97D51 /* RepoDetailsModel.swift */,
				8C22ED0E24059B7100B97D51 /* RepoDetailsTableViewCell.swift */,
				8C22ED0F24059B7100B97D51 /* RepoDetailsTableViewCell.xib */,
			);
			path = RepoDetails;
			sourceTree = "<group>";
		};
		8C22ED1C24059FCA00B97D51 /* Services */ = {
			isa = PBXGroup;
			children = (
				8C22ED1D2405A09000B97D51 /* GithubService.swift */,
				8C22ED212405A54300B97D51 /* ReposByLanguageResponse.swift */,
			);
			path = Services;
			sourceTree = "<group>";
		};
		8C22ED252405FA2000B97D51 /* ErrorView */ = {
			isa = PBXGroup;
			children = (
				8C22ED262405FA6700B97D51 /* ErrorViewController.swift */,
				8C22ED272405FA6700B97D51 /* ErrorViewController.xib */,
			);
			path = ErrorView;
			sourceTree = "<group>";
		};
		8C22ED2A2405FD0700B97D51 /* Resources */ = {
			isa = PBXGroup;
			children = (
				8C22ED2B2405FD6D00B97D51 /* errorAnimation.json */,
			);
			path = Resources;
			sourceTree = "<group>";
		};
/* End PBXGroup section */

/* Begin PBXNativeTarget section */
		8C22ECC3240594B500B97D51 /* TopRepos */ = {
			isa = PBXNativeTarget;
			buildConfigurationList = 8C22ECE1240594B700B97D51 /* Build configuration list for PBXNativeTarget "TopRepos" */;
			buildPhases = (
				E2BA80FA3080095BE77A86B4 /* [CP] Check Pods Manifest.lock */,
				8C22ECC0240594B500B97D51 /* Sources */,
				8C22ECC1240594B500B97D51 /* Frameworks */,
				8C22ECC2240594B500B97D51 /* Resources */,
				A617D9BA341236445F5FDA5F /* [CP] Embed Pods Frameworks */,
			);
			buildRules = (
			);
			dependencies = (
			);
			name = TopRepos;
			productName = TopRepos;
			productReference = 8C22ECC4240594B500B97D51 /* TopRepos.app */;
			productType = "com.apple.product-type.application";
		};
		8C22ECD7240594B700B97D51 /* TopReposTests */ = {
			isa = PBXNativeTarget;
			buildConfigurationList = 8C22ECE4240594B700B97D51 /* Build configuration list for PBXNativeTarget "TopReposTests" */;
			buildPhases = (
				5E65E304EE07CEE0DD9B3DC3 /* [CP] Check Pods Manifest.lock */,
				8C22ECD4240594B700B97D51 /* Sources */,
				8C22ECD5240594B700B97D51 /* Frameworks */,
				8C22ECD6240594B700B97D51 /* Resources */,
			);
			buildRules = (
			);
			dependencies = (
				8C22ECDA240594B700B97D51 /* PBXTargetDependency */,
			);
			name = TopReposTests;
			productName = TopReposTests;
			productReference = 8C22ECD8240594B700B97D51 /* TopReposTests.xctest */;
			productType = "com.apple.product-type.bundle.unit-test";
		};
/* End PBXNativeTarget section */

/* Begin PBXProject section */
		8C22ECBC240594B500B97D51 /* Project object */ = {
			isa = PBXProject;
			attributes = {
				LastSwiftUpdateCheck = 1020;
				LastUpgradeCheck = 1020;
				ORGANIZATIONNAME = "Silvia Florido";
				TargetAttributes = {
					8C22ECC3240594B500B97D51 = {
						CreatedOnToolsVersion = 10.2.1;
					};
					8C22ECD7240594B700B97D51 = {
						CreatedOnToolsVersion = 10.2.1;
						TestTargetID = 8C22ECC3240594B500B97D51;
					};
				};
			};
			buildConfigurationList = 8C22ECBF240594B500B97D51 /* Build configuration list for PBXProject "TopRepos" */;
			compatibilityVersion = "Xcode 9.3";
			developmentRegion = en;
			hasScannedForEncodings = 0;
			knownRegions = (
				en,
				Base,
			);
			mainGroup = 8C22ECBB240594B500B97D51;
			productRefGroup = 8C22ECC5240594B500B97D51 /* Products */;
			projectDirPath = "";
			projectRoot = "";
			targets = (
				8C22ECC3240594B500B97D51 /* TopRepos */,
				8C22ECD7240594B700B97D51 /* TopReposTests */,
			);
		};
/* End PBXProject section */

/* Begin PBXResourcesBuildPhase section */
		8C22ECC2240594B500B97D51 /* Resources */ = {
			isa = PBXResourcesBuildPhase;
			buildActionMask = 2147483647;
			files = (
				8C22ECD2240594B700B97D51 /* LaunchScreen.storyboard in Resources */,
				8C22ED07240599CA00B97D51 /* RepoDetailsViewController.xib in Resources */,
				8C22ED292405FA6700B97D51 /* ErrorViewController.xib in Resources */,
				8C22ECF9240596C700B97D51 /* ReposListTableViewCell.xib in Resources */,
				8C22ECCF240594B700B97D51 /* Assets.xcassets in Resources */,
				8C22ED2C2405FD6D00B97D51 /* errorAnimation.json in Resources */,
				8C22ECEF240595A300B97D51 /* ReposListTableViewController.xib in Resources */,
				8C22ED1124059B7100B97D51 /* RepoDetailsTableViewCell.xib in Resources */,
			);
			runOnlyForDeploymentPostprocessing = 0;
		};
		8C22ECD6240594B700B97D51 /* Resources */ = {
			isa = PBXResourcesBuildPhase;
			buildActionMask = 2147483647;
			files = (
			);
			runOnlyForDeploymentPostprocessing = 0;
		};
/* End PBXResourcesBuildPhase section */

/* Begin PBXShellScriptBuildPhase section */
		5E65E304EE07CEE0DD9B3DC3 /* [CP] Check Pods Manifest.lock */ = {
			isa = PBXShellScriptBuildPhase;
			buildActionMask = 2147483647;
			files = (
			);
			inputFileListPaths = (
			);
			inputPaths = (
				"${PODS_PODFILE_DIR_PATH}/Podfile.lock",
				"${PODS_ROOT}/Manifest.lock",
			);
			name = "[CP] Check Pods Manifest.lock";
			outputFileListPaths = (
			);
			outputPaths = (
				"$(DERIVED_FILE_DIR)/Pods-TopReposTests-checkManifestLockResult.txt",
			);
			runOnlyForDeploymentPostprocessing = 0;
			shellPath = /bin/sh;
			shellScript = "diff \"${PODS_PODFILE_DIR_PATH}/Podfile.lock\" \"${PODS_ROOT}/Manifest.lock\" > /dev/null\nif [ $? != 0 ] ; then\n    # print error to STDERR\n    echo \"error: The sandbox is not in sync with the Podfile.lock. Run 'pod install' or update your CocoaPods installation.\" >&2\n    exit 1\nfi\n# This output is used by Xcode 'outputs' to avoid re-running this script phase.\necho \"SUCCESS\" > \"${SCRIPT_OUTPUT_FILE_0}\"\n";
			showEnvVarsInLog = 0;
		};
		A617D9BA341236445F5FDA5F /* [CP] Embed Pods Frameworks */ = {
			isa = PBXShellScriptBuildPhase;
			buildActionMask = 2147483647;
			files = (
			);
			inputFileListPaths = (
			);
			inputPaths = (
				"${SRCROOT}/Pods/Target Support Files/Pods-TopRepos/Pods-TopRepos-frameworks.sh",
				"${BUILT_PRODUCTS_DIR}/lottie-ios/Lottie.framework",
			);
			name = "[CP] Embed Pods Frameworks";
			outputFileListPaths = (
			);
			outputPaths = (
				"${TARGET_BUILD_DIR}/${FRAMEWORKS_FOLDER_PATH}/Lottie.framework",
			);
			runOnlyForDeploymentPostprocessing = 0;
			shellPath = /bin/sh;
			shellScript = "\"${SRCROOT}/Pods/Target Support Files/Pods-TopRepos/Pods-TopRepos-frameworks.sh\"\n";
			showEnvVarsInLog = 0;
		};
		E2BA80FA3080095BE77A86B4 /* [CP] Check Pods Manifest.lock */ = {
			isa = PBXShellScriptBuildPhase;
			buildActionMask = 2147483647;
			files = (
			);
			inputFileListPaths = (
			);
			inputPaths = (
				"${PODS_PODFILE_DIR_PATH}/Podfile.lock",
				"${PODS_ROOT}/Manifest.lock",
			);
			name = "[CP] Check Pods Manifest.lock";
			outputFileListPaths = (
			);
			outputPaths = (
				"$(DERIVED_FILE_DIR)/Pods-TopRepos-checkManifestLockResult.txt",
			);
			runOnlyForDeploymentPostprocessing = 0;
			shellPath = /bin/sh;
			shellScript = "diff \"${PODS_PODFILE_DIR_PATH}/Podfile.lock\" \"${PODS_ROOT}/Manifest.lock\" > /dev/null\nif [ $? != 0 ] ; then\n    # print error to STDERR\n    echo \"error: The sandbox is not in sync with the Podfile.lock. Run 'pod install' or update your CocoaPods installation.\" >&2\n    exit 1\nfi\n# This output is used by Xcode 'outputs' to avoid re-running this script phase.\necho \"SUCCESS\" > \"${SCRIPT_OUTPUT_FILE_0}\"\n";
			showEnvVarsInLog = 0;
		};
/* End PBXShellScriptBuildPhase section */

/* Begin PBXSourcesBuildPhase section */
		8C22ECC0240594B500B97D51 /* Sources */ = {
			isa = PBXSourcesBuildPhase;
			buildActionMask = 2147483647;
			files = (
				8C22ED06240599CA00B97D51 /* RepoDetailsViewController.swift in Sources */,
				8C22ED1924059E9B00B97D51 /* BaseRequest.swift in Sources */,
				8C22ED202405A4F800B97D51 /* Pull.swift in Sources */,
				8C22ECEE240595A300B97D51 /* ReposListTableViewController.swift in Sources */,
				8C22ED1E2405A09000B97D51 /* GithubService.swift in Sources */,
				8C22ED0B24059B2300B97D51 /* RepoDetailsPresenter.swift in Sources */,
				8C22ECF52405968D00B97D51 /* ReposListModel.swift in Sources */,
				8C22ED282405FA6700B97D51 /* ErrorViewController.swift in Sources */,
				8C22ECFC2405988C00B97D51 /* Repo.swift in Sources */,
				8C22ECE92405953A00B97D51 /* TopReposRouter.swift in Sources */,
				8C22ECF1240595FC00B97D51 /* ReposListInteractor.swift in Sources */,
				8C22ED1024059B7100B97D51 /* RepoDetailsTableViewCell.swift in Sources */,
				8C22ED0924059B1600B97D51 /* RepoDetailsInteractor.swift in Sources */,
				8C22ECF32405966D00B97D51 /* ReposListPresenter.swift in Sources */,
				8C22ECC8240594B500B97D51 /* AppDelegate.swift in Sources */,
				8C22ED0D24059B4A00B97D51 /* RepoDetailsModel.swift in Sources */,
				8C22ED242405D1B400B97D51 /* Logger.swift in Sources */,
				8C22ED012405990600B97D51 /* Date.swift in Sources */,
				8C22ECFE2405989600B97D51 /* User.swift in Sources */,
				8C22ECF8240596C700B97D51 /* ReposListTableViewCell.swift in Sources */,
				8C22ED222405A54300B97D51 /* ReposByLanguageResponse.swift in Sources */,
			);
			runOnlyForDeploymentPostprocessing = 0;
		};
		8C22ECD4240594B700B97D51 /* Sources */ = {
			isa = PBXSourcesBuildPhase;
			buildActionMask = 2147483647;
			files = (
				8C22ECDD240594B700B97D51 /* TopReposTests.swift in Sources */,
			);
			runOnlyForDeploymentPostprocessing = 0;
		};
/* End PBXSourcesBuildPhase section */

/* Begin PBXTargetDependency section */
		8C22ECDA240594B700B97D51 /* PBXTargetDependency */ = {
			isa = PBXTargetDependency;
			target = 8C22ECC3240594B500B97D51 /* TopRepos */;
			targetProxy = 8C22ECD9240594B700B97D51 /* PBXContainerItemProxy */;
		};
/* End PBXTargetDependency section */

/* Begin PBXVariantGroup section */
		8C22ECD0240594B700B97D51 /* LaunchScreen.storyboard */ = {
			isa = PBXVariantGroup;
			children = (
				8C22ECD1240594B700B97D51 /* Base */,
			);
			name = LaunchScreen.storyboard;
			sourceTree = "<group>";
		};
/* End PBXVariantGroup section */

/* Begin XCBuildConfiguration section */
		8C22ECDF240594B700B97D51 /* Debug */ = {
			isa = XCBuildConfiguration;
			buildSettings = {
				ALWAYS_SEARCH_USER_PATHS = NO;
				CLANG_ANALYZER_NONNULL = YES;
				CLANG_ANALYZER_NUMBER_OBJECT_CONVERSION = YES_AGGRESSIVE;
				CLANG_CXX_LANGUAGE_STANDARD = "gnu++14";
				CLANG_CXX_LIBRARY = "libc++";
				CLANG_ENABLE_MODULES = YES;
				CLANG_ENABLE_OBJC_ARC = YES;
				CLANG_ENABLE_OBJC_WEAK = YES;
				CLANG_WARN_BLOCK_CAPTURE_AUTORELEASING = YES;
				CLANG_WARN_BOOL_CONVERSION = YES;
				CLANG_WARN_COMMA = YES;
				CLANG_WARN_CONSTANT_CONVERSION = YES;
				CLANG_WARN_DEPRECATED_OBJC_IMPLEMENTATIONS = YES;
				CLANG_WARN_DIRECT_OBJC_ISA_USAGE = YES_ERROR;
				CLANG_WARN_DOCUMENTATION_COMMENTS = YES;
				CLANG_WARN_EMPTY_BODY = YES;
				CLANG_WARN_ENUM_CONVERSION = YES;
				CLANG_WARN_INFINITE_RECURSION = YES;
				CLANG_WARN_INT_CONVERSION = YES;
				CLANG_WARN_NON_LITERAL_NULL_CONVERSION = YES;
				CLANG_WARN_OBJC_IMPLICIT_RETAIN_SELF = YES;
				CLANG_WARN_OBJC_LITERAL_CONVERSION = YES;
				CLANG_WARN_OBJC_ROOT_CLASS = YES_ERROR;
				CLANG_WARN_RANGE_LOOP_ANALYSIS = YES;
				CLANG_WARN_STRICT_PROTOTYPES = YES;
				CLANG_WARN_SUSPICIOUS_MOVE = YES;
				CLANG_WARN_UNGUARDED_AVAILABILITY = YES_AGGRESSIVE;
				CLANG_WARN_UNREACHABLE_CODE = YES;
				CLANG_WARN__DUPLICATE_METHOD_MATCH = YES;
				CODE_SIGN_IDENTITY = "iPhone Developer";
				COPY_PHASE_STRIP = NO;
				DEBUG_INFORMATION_FORMAT = dwarf;
				ENABLE_STRICT_OBJC_MSGSEND = YES;
				ENABLE_TESTABILITY = YES;
				GCC_C_LANGUAGE_STANDARD = gnu11;
				GCC_DYNAMIC_NO_PIC = NO;
				GCC_NO_COMMON_BLOCKS = YES;
				GCC_OPTIMIZATION_LEVEL = 0;
				GCC_PREPROCESSOR_DEFINITIONS = (
					"DEBUG=1",
					"$(inherited)",
				);
				GCC_WARN_64_TO_32_BIT_CONVERSION = YES;
				GCC_WARN_ABOUT_RETURN_TYPE = YES_ERROR;
				GCC_WARN_UNDECLARED_SELECTOR = YES;
				GCC_WARN_UNINITIALIZED_AUTOS = YES_AGGRESSIVE;
				GCC_WARN_UNUSED_FUNCTION = YES;
				GCC_WARN_UNUSED_VARIABLE = YES;
				IPHONEOS_DEPLOYMENT_TARGET = 12.2;
				MTL_ENABLE_DEBUG_INFO = INCLUDE_SOURCE;
				MTL_FAST_MATH = YES;
				ONLY_ACTIVE_ARCH = YES;
				SDKROOT = iphoneos;
				SWIFT_ACTIVE_COMPILATION_CONDITIONS = DEBUG;
				SWIFT_OPTIMIZATION_LEVEL = "-Onone";
			};
			name = Debug;
		};
		8C22ECE0240594B700B97D51 /* Release */ = {
			isa = XCBuildConfiguration;
			buildSettings = {
				ALWAYS_SEARCH_USER_PATHS = NO;
				CLANG_ANALYZER_NONNULL = YES;
				CLANG_ANALYZER_NUMBER_OBJECT_CONVERSION = YES_AGGRESSIVE;
				CLANG_CXX_LANGUAGE_STANDARD = "gnu++14";
				CLANG_CXX_LIBRARY = "libc++";
				CLANG_ENABLE_MODULES = YES;
				CLANG_ENABLE_OBJC_ARC = YES;
				CLANG_ENABLE_OBJC_WEAK = YES;
				CLANG_WARN_BLOCK_CAPTURE_AUTORELEASING = YES;
				CLANG_WARN_BOOL_CONVERSION = YES;
				CLANG_WARN_COMMA = YES;
				CLANG_WARN_CONSTANT_CONVERSION = YES;
				CLANG_WARN_DEPRECATED_OBJC_IMPLEMENTATIONS = YES;
				CLANG_WARN_DIRECT_OBJC_ISA_USAGE = YES_ERROR;
				CLANG_WARN_DOCUMENTATION_COMMENTS = YES;
				CLANG_WARN_EMPTY_BODY = YES;
				CLANG_WARN_ENUM_CONVERSION = YES;
				CLANG_WARN_INFINITE_RECURSION = YES;
				CLANG_WARN_INT_CONVERSION = YES;
				CLANG_WARN_NON_LITERAL_NULL_CONVERSION = YES;
				CLANG_WARN_OBJC_IMPLICIT_RETAIN_SELF = YES;
				CLANG_WARN_OBJC_LITERAL_CONVERSION = YES;
				CLANG_WARN_OBJC_ROOT_CLASS = YES_ERROR;
				CLANG_WARN_RANGE_LOOP_ANALYSIS = YES;
				CLANG_WARN_STRICT_PROTOTYPES = YES;
				CLANG_WARN_SUSPICIOUS_MOVE = YES;
				CLANG_WARN_UNGUARDED_AVAILABILITY = YES_AGGRESSIVE;
				CLANG_WARN_UNREACHABLE_CODE = YES;
				CLANG_WARN__DUPLICATE_METHOD_MATCH = YES;
				CODE_SIGN_IDENTITY = "iPhone Developer";
				COPY_PHASE_STRIP = NO;
				DEBUG_INFORMATION_FORMAT = "dwarf-with-dsym";
				ENABLE_NS_ASSERTIONS = NO;
				ENABLE_STRICT_OBJC_MSGSEND = YES;
				GCC_C_LANGUAGE_STANDARD = gnu11;
				GCC_NO_COMMON_BLOCKS = YES;
				GCC_WARN_64_TO_32_BIT_CONVERSION = YES;
				GCC_WARN_ABOUT_RETURN_TYPE = YES_ERROR;
				GCC_WARN_UNDECLARED_SELECTOR = YES;
				GCC_WARN_UNINITIALIZED_AUTOS = YES_AGGRESSIVE;
				GCC_WARN_UNUSED_FUNCTION = YES;
				GCC_WARN_UNUSED_VARIABLE = YES;
				IPHONEOS_DEPLOYMENT_TARGET = 12.2;
				MTL_ENABLE_DEBUG_INFO = NO;
				MTL_FAST_MATH = YES;
				SDKROOT = iphoneos;
				SWIFT_COMPILATION_MODE = wholemodule;
				SWIFT_OPTIMIZATION_LEVEL = "-O";
				VALIDATE_PRODUCT = YES;
			};
			name = Release;
		};
		8C22ECE2240594B700B97D51 /* Debug */ = {
			isa = XCBuildConfiguration;
			baseConfigurationReference = 49D381D17F2AF86A1FB60CF1 /* Pods-TopRepos.debug.xcconfig */;
			buildSettings = {
				ASSETCATALOG_COMPILER_APPICON_NAME = AppIcon;
				CODE_SIGN_STYLE = Automatic;
				DEVELOPMENT_TEAM = J8KTVZYBHF;
				INFOPLIST_FILE = TopRepos/Info.plist;
				LD_RUNPATH_SEARCH_PATHS = (
					"$(inherited)",
					"@executable_path/Frameworks",
				);
				PRODUCT_BUNDLE_IDENTIFIER = com.sflorido.TopRepos;
				PRODUCT_NAME = "$(TARGET_NAME)";
				SWIFT_VERSION = 5.0;
				TARGETED_DEVICE_FAMILY = "1,2";
			};
			name = Debug;
		};
		8C22ECE3240594B700B97D51 /* Release */ = {
			isa = XCBuildConfiguration;
			baseConfigurationReference = 1B3D2BD649EFE2BB2968811D /* Pods-TopRepos.release.xcconfig */;
			buildSettings = {
				ASSETCATALOG_COMPILER_APPICON_NAME = AppIcon;
				CODE_SIGN_STYLE = Automatic;
				DEVELOPMENT_TEAM = J8KTVZYBHF;
				INFOPLIST_FILE = TopRepos/Info.plist;
				LD_RUNPATH_SEARCH_PATHS = (
					"$(inherited)",
					"@executable_path/Frameworks",
				);
				PRODUCT_BUNDLE_IDENTIFIER = com.sflorido.TopRepos;
				PRODUCT_NAME = "$(TARGET_NAME)";
				SWIFT_VERSION = 5.0;
				TARGETED_DEVICE_FAMILY = "1,2";
			};
			name = Release;
		};
		8C22ECE5240594B700B97D51 /* Debug */ = {
			isa = XCBuildConfiguration;
			baseConfigurationReference = B0FBCBC336222DC56CFED1F7 /* Pods-TopReposTests.debug.xcconfig */;
			buildSettings = {
				ALWAYS_EMBED_SWIFT_STANDARD_LIBRARIES = YES;
				BUNDLE_LOADER = "$(TEST_HOST)";
				CODE_SIGN_STYLE = Automatic;
				DEVELOPMENT_TEAM = J8KTVZYBHF;
				INFOPLIST_FILE = TopReposTests/Info.plist;
				LD_RUNPATH_SEARCH_PATHS = (
					"$(inherited)",
					"@executable_path/Frameworks",
					"@loader_path/Frameworks",
				);
				PRODUCT_BUNDLE_IDENTIFIER = com.sflorido.TopReposTests;
				PRODUCT_NAME = "$(TARGET_NAME)";
				SWIFT_VERSION = 5.0;
				TARGETED_DEVICE_FAMILY = "1,2";
				TEST_HOST = "$(BUILT_PRODUCTS_DIR)/TopRepos.app/TopRepos";
			};
			name = Debug;
		};
		8C22ECE6240594B700B97D51 /* Release */ = {
			isa = XCBuildConfiguration;
			baseConfigurationReference = 0F05AA8C000BD8973F830BC8 /* Pods-TopReposTests.release.xcconfig */;
			buildSettings = {
				ALWAYS_EMBED_SWIFT_STANDARD_LIBRARIES = YES;
				BUNDLE_LOADER = "$(TEST_HOST)";
				CODE_SIGN_STYLE = Automatic;
				DEVELOPMENT_TEAM = J8KTVZYBHF;
				INFOPLIST_FILE = TopReposTests/Info.plist;
				LD_RUNPATH_SEARCH_PATHS = (
					"$(inherited)",
					"@executable_path/Frameworks",
					"@loader_path/Frameworks",
				);
				PRODUCT_BUNDLE_IDENTIFIER = com.sflorido.TopReposTests;
				PRODUCT_NAME = "$(TARGET_NAME)";
				SWIFT_VERSION = 5.0;
				TARGETED_DEVICE_FAMILY = "1,2";
				TEST_HOST = "$(BUILT_PRODUCTS_DIR)/TopRepos.app/TopRepos";
			};
			name = Release;
		};
/* End XCBuildConfiguration section */

/* Begin XCConfigurationList section */
		8C22ECBF240594B500B97D51 /* Build configuration list for PBXProject "TopRepos" */ = {
			isa = XCConfigurationList;
			buildConfigurations = (
				8C22ECDF240594B700B97D51 /* Debug */,
				8C22ECE0240594B700B97D51 /* Release */,
			);
			defaultConfigurationIsVisible = 0;
			defaultConfigurationName = Release;
		};
		8C22ECE1240594B700B97D51 /* Build configuration list for PBXNativeTarget "TopRepos" */ = {
			isa = XCConfigurationList;
			buildConfigurations = (
				8C22ECE2240594B700B97D51 /* Debug */,
				8C22ECE3240594B700B97D51 /* Release */,
			);
			defaultConfigurationIsVisible = 0;
			defaultConfigurationName = Release;
		};
		8C22ECE4240594B700B97D51 /* Build configuration list for PBXNativeTarget "TopReposTests" */ = {
			isa = XCConfigurationList;
			buildConfigurations = (
				8C22ECE5240594B700B97D51 /* Debug */,
				8C22ECE6240594B700B97D51 /* Release */,
			);
			defaultConfigurationIsVisible = 0;
			defaultConfigurationName = Release;
		};
/* End XCConfigurationList section */
	};
	rootObject = 8C22ECBC240594B500B97D51 /* Project object */;
}
